
Microsoft Visual Studio Solution File, Format Version 12.00
# Visual Studio Version 17
VisualStudioVersion = 17.4.33110.190
MinimumVisualStudioVersion = 10.0.40219.1
Project("{FAE04EC0-301F-11D3-BF4B-00C04F79EFBC}") = "Prova de lógica de programação exercício 1", "Prova de lógica de programação exercício 1\Prova de lógica de programação exercício 1.csproj", "{EB6EAE8B-CF3B-4311-A52F-19C54DA2BE1C}"
EndProject
Global
	GlobalSection(SolutionConfigurationPlatforms) = preSolution
		Debug|Any CPU = Debug|Any CPU
		Release|Any CPU = Release|Any CPU
	EndGlobalSection
	GlobalSection(ProjectConfigurationPlatforms) = postSolution
		{EB6EAE8B-CF3B-4311-A52F-19C54DA2BE1C}.Debug|Any CPU.ActiveCfg = Debug|Any CPU
		{EB6EAE8B-CF3B-4311-A52F-19C54DA2BE1C}.Debug|Any CPU.Build.0 = Debug|Any CPU
		{EB6EAE8B-CF3B-4311-A52F-19C54DA2BE1C}.Release|Any CPU.ActiveCfg = Release|Any CPU
		{EB6EAE8B-CF3B-4311-A52F-19C54DA2BE1C}.Release|Any CPU.Build.0 = Release|Any CPU
	EndGlobalSection
	GlobalSection(SolutionProperties) = preSolution
		HideSolutionNode = FALSE
	EndGlobalSection
	GlobalSection(ExtensibilityGlobals) = postSolution
		SolutionGuid = {BD3D0191-FFC7-4DBE-8135-7E15FC19E024}
	EndGlobalSection
EndGlobal
